// !$*UTF8*$!
{
	archiveVersion = 1;
	classes = {
	};
	objectVersion = 50;
	objects = {

/* Begin PBXBuildFile section */
		CF15831A25A6859E000CF92A /* AppDelegate.swift in Sources */ = {isa = PBXBuildFile; fileRef = CF15831925A6859E000CF92A /* AppDelegate.swift */; };
		CF15831C25A6859E000CF92A /* SceneDelegate.swift in Sources */ = {isa = PBXBuildFile; fileRef = CF15831B25A6859E000CF92A /* SceneDelegate.swift */; };
		CF15831E25A6859E000CF92A /* ViewController.swift in Sources */ = {isa = PBXBuildFile; fileRef = CF15831D25A6859E000CF92A /* ViewController.swift */; };
		CF15832125A6859E000CF92A /* Main.storyboard in Resources */ = {isa = PBXBuildFile; fileRef = CF15831F25A6859E000CF92A /* Main.storyboard */; };
		CF15832325A685AB000CF92A /* Assets.xcassets in Resources */ = {isa = PBXBuildFile; fileRef = CF15832225A685AB000CF92A /* Assets.xcassets */; };
		CF15832625A685AB000CF92A /* LaunchScreen.storyboard in Resources */ = {isa = PBXBuildFile; fileRef = CF15832425A685AB000CF92A /* LaunchScreen.storyboard */; };
		CF15833125A685AC000CF92A /* PreWorkTests.swift in Sources */ = {isa = PBXBuildFile; fileRef = CF15833025A685AC000CF92A /* PreWorkTests.swift */; };
		CF15833C25A685AD000CF92A /* PreWorkUITests.swift in Sources */ = {isa = PBXBuildFile; fileRef = CF15833B25A685AD000CF92A /* PreWorkUITests.swift */; };
/* End PBXBuildFile section */

/* Begin PBXContainerItemProxy section */
		CF15832D25A685AC000CF92A /* PBXContainerItemProxy */ = {
			isa = PBXContainerItemProxy;
			containerPortal = CF15830E25A6859D000CF92A /* Project object */;
			proxyType = 1;
			remoteGlobalIDString = CF15831525A6859E000CF92A;
			remoteInfo = PreWork;
		};
		CF15833825A685AC000CF92A /* PBXContainerItemProxy */ = {
			isa = PBXContainerItemProxy;
			containerPortal = CF15830E25A6859D000CF92A /* Project object */;
			proxyType = 1;
			remoteGlobalIDString = CF15831525A6859E000CF92A;
			remoteInfo = PreWork;
		};
/* End PBXContainerItemProxy section */

/* Begin PBXFileReference section */
		CF15831625A6859E000CF92A /* PreWork.app */ = {isa = PBXFileReference; explicitFileType = wrapper.application; includeInIndex = 0; path = PreWork.app; sourceTree = BUILT_PRODUCTS_DIR; };
		CF15831925A6859E000CF92A /* AppDelegate.swift */ = {isa = PBXFileReference; lastKnownFileType = sourcecode.swift; path = AppDelegate.swift; sourceTree = "<group>"; };
		CF15831B25A6859E000CF92A /* SceneDelegate.swift */ = {isa = PBXFileReference; lastKnownFileType = sourcecode.swift; path = SceneDelegate.swift; sourceTree = "<group>"; };
		CF15831D25A6859E000CF92A /* ViewController.swift */ = {isa = PBXFileReference; lastKnownFileType = sourcecode.swift; path = ViewController.swift; sourceTree = "<group>"; };
		CF15832025A6859E000CF92A /* Base */ = {isa = PBXFileReference; lastKnownFileType = file.storyboard; name = Base; path = Base.lproj/Main.storyboard; sourceTree = "<group>"; };
		CF15832225A685AB000CF92A /* Assets.xcassets */ = {isa = PBXFileReference; lastKnownFileType = folder.assetcatalog; path = Assets.xcassets; sourceTree = "<group>"; };
		CF15832525A685AB000CF92A /* Base */ = {isa = PBXFileReference; lastKnownFileType = file.storyboard; name = Base; path = Base.lproj/LaunchScreen.storyboard; sourceTree = "<group>"; };
		CF15832725A685AB000CF92A /* Info.plist */ = {isa = PBXFileReference; lastKnownFileType = text.plist.xml; path = Info.plist; sourceTree = "<group>"; };
		CF15832C25A685AC000CF92A /* PreWorkTests.xctest */ = {isa = PBXFileReference; explicitFileType = wrapper.cfbundle; includeInIndex = 0; path = PreWorkTests.xctest; sourceTree = BUILT_PRODUCTS_DIR; };
		CF15833025A685AC000CF92A /* PreWorkTests.swift */ = {isa = PBXFileReference; lastKnownFileType = sourcecode.swift; path = PreWorkTests.swift; sourceTree = "<group>"; };
		CF15833225A685AC000CF92A /* Info.plist */ = {isa = PBXFileReference; lastKnownFileType = text.plist.xml; path = Info.plist; sourceTree = "<group>"; };
		CF15833725A685AC000CF92A /* PreWorkUITests.xctest */ = {isa = PBXFileReference; explicitFileType = wrapper.cfbundle; includeInIndex = 0; path = PreWorkUITests.xctest; sourceTree = BUILT_PRODUCTS_DIR; };
		CF15833B25A685AD000CF92A /* PreWorkUITests.swift */ = {isa = PBXFileReference; lastKnownFileType = sourcecode.swift; path = PreWorkUITests.swift; sourceTree = "<group>"; };
		CF15833D25A685AD000CF92A /* Info.plist */ = {isa = PBXFileReference; lastKnownFileType = text.plist.xml; path = Info.plist; sourceTree = "<group>"; };
/* End PBXFileReference section */

/* Begin PBXFrameworksBuildPhase section */
		CF15831325A6859E000CF92A /* Frameworks */ = {
			isa = PBXFrameworksBuildPhase;
			buildActionMask = 2147483647;
			files = (
			);
			runOnlyForDeploymentPostprocessing = 0;
		};
		CF15832925A685AC000CF92A /* Frameworks */ = {
			isa = PBXFrameworksBuildPhase;
			buildActionMask = 2147483647;
			files = (
			);
			runOnlyForDeploymentPostprocessing = 0;
		};
		CF15833425A685AC000CF92A /* Frameworks */ = {
			isa = PBXFrameworksBuildPhase;
			buildActionMask = 2147483647;
			files = (
			);
			runOnlyForDeploymentPostprocessing = 0;
		};
/* End PBXFrameworksBuildPhase section */

/* Begin PBXGroup section */
		CF15830D25A6859D000CF92A = {
			isa = PBXGroup;
			children = (
				CF15831825A6859E000CF92A /* PreWork */,
				CF15832F25A685AC000CF92A /* PreWorkTests */,
				CF15833A25A685AC000CF92A /* PreWorkUITests */,
				CF15831725A6859E000CF92A /* Products */,
			);
			sourceTree = "<group>";
		};
		CF15831725A6859E000CF92A /* Products */ = {
			isa = PBXGroup;
			children = (
				CF15831625A6859E000CF92A /* PreWork.app */,
				CF15832C25A685AC000CF92A /* PreWorkTests.xctest */,
				CF15833725A685AC000CF92A /* PreWorkUITests.xctest */,
			);
			name = Products;
			sourceTree = "<group>";
		};
		CF15831825A6859E000CF92A /* PreWork */ = {
			isa = PBXGroup;
			children = (
				CF15831925A6859E000CF92A /* AppDelegate.swift */,
				CF15831B25A6859E000CF92A /* SceneDelegate.swift */,
				CF15831D25A6859E000CF92A /* ViewController.swift */,
				CF15831F25A6859E000CF92A /* Main.storyboard */,
				CF15832225A685AB000CF92A /* Assets.xcassets */,
				CF15832425A685AB000CF92A /* LaunchScreen.storyboard */,
				CF15832725A685AB000CF92A /* Info.plist */,
			);
			path = PreWork;
			sourceTree = "<group>";
		};
		CF15832F25A685AC000CF92A /* PreWorkTests */ = {
			isa = PBXGroup;
			children = (
				CF15833025A685AC000CF92A /* PreWorkTests.swift */,
				CF15833225A685AC000CF92A /* Info.plist */,
			);
			path = PreWorkTests;
			sourceTree = "<group>";
		};
		CF15833A25A685AC000CF92A /* PreWorkUITests */ = {
			isa = PBXGroup;
			children = (
				CF15833B25A685AD000CF92A /* PreWorkUITests.swift */,
				CF15833D25A685AD000CF92A /* Info.plist */,
			);
			path = PreWorkUITests;
			sourceTree = "<group>";
		};
/* End PBXGroup section */

/* Begin PBXNativeTarget section */
		CF15831525A6859E000CF92A /* PreWork */ = {
			isa = PBXNativeTarget;
			buildConfigurationList = CF15834025A685AD000CF92A /* Build configuration list for PBXNativeTarget "PreWork" */;
			buildPhases = (
				CF15831225A6859E000CF92A /* Sources */,
				CF15831325A6859E000CF92A /* Frameworks */,
				CF15831425A6859E000CF92A /* Resources */,
			);
			buildRules = (
			);
			dependencies = (
			);
			name = PreWork;
			productName = PreWork;
			productReference = CF15831625A6859E000CF92A /* PreWork.app */;
			productType = "com.apple.product-type.application";
		};
		CF15832B25A685AC000CF92A /* PreWorkTests */ = {
			isa = PBXNativeTarget;
			buildConfigurationList = CF15834325A685AD000CF92A /* Build configuration list for PBXNativeTarget "PreWorkTests" */;
			buildPhases = (
				CF15832825A685AC000CF92A /* Sources */,
				CF15832925A685AC000CF92A /* Frameworks */,
				CF15832A25A685AC000CF92A /* Resources */,
			);
			buildRules = (
			);
			dependencies = (
				CF15832E25A685AC000CF92A /* PBXTargetDependency */,
			);
			name = PreWorkTests;
			productName = PreWorkTests;
			productReference = CF15832C25A685AC000CF92A /* PreWorkTests.xctest */;
			productType = "com.apple.product-type.bundle.unit-test";
		};
		CF15833625A685AC000CF92A /* PreWorkUITests */ = {
			isa = PBXNativeTarget;
			buildConfigurationList = CF15834625A685AD000CF92A /* Build configuration list for PBXNativeTarget "PreWorkUITests" */;
			buildPhases = (
				CF15833325A685AC000CF92A /* Sources */,
				CF15833425A685AC000CF92A /* Frameworks */,
				CF15833525A685AC000CF92A /* Resources */,
			);
			buildRules = (
			);
			dependencies = (
				CF15833925A685AC000CF92A /* PBXTargetDependency */,
			);
			name = PreWorkUITests;
			productName = PreWorkUITests;
			productReference = CF15833725A685AC000CF92A /* PreWorkUITests.xctest */;
			productType = "com.apple.product-type.bundle.ui-testing";
		};
/* End PBXNativeTarget section */

/* Begin PBXProject section */
		CF15830E25A6859D000CF92A /* Project object */ = {
			isa = PBXProject;
			attributes = {
				LastSwiftUpdateCheck = 1230;
				LastUpgradeCheck = 1230;
				TargetAttributes = {
					CF15831525A6859E000CF92A = {
						CreatedOnToolsVersion = 12.3;
					};
					CF15832B25A685AC000CF92A = {
						CreatedOnToolsVersion = 12.3;
						TestTargetID = CF15831525A6859E000CF92A;
					};
					CF15833625A685AC000CF92A = {
						CreatedOnToolsVersion = 12.3;
						TestTargetID = CF15831525A6859E000CF92A;
					};
				};
			};
			buildConfigurationList = CF15831125A6859D000CF92A /* Build configuration list for PBXProject "PreWork" */;
			compatibilityVersion = "Xcode 9.3";
			developmentRegion = en;
			hasScannedForEncodings = 0;
			knownRegions = (
				en,
				Base,
			);
			mainGroup = CF15830D25A6859D000CF92A;
			productRefGroup = CF15831725A6859E000CF92A /* Products */;
			projectDirPath = "";
			projectRoot = "";
			targets = (
				CF15831525A6859E000CF92A /* PreWork */,
				CF15832B25A685AC000CF92A /* PreWorkTests */,
				CF15833625A685AC000CF92A /* PreWorkUITests */,
			);
		};
/* End PBXProject section */

/* Begin PBXResourcesBuildPhase section */
		CF15831425A6859E000CF92A /* Resources */ = {
			isa = PBXResourcesBuildPhase;
			buildActionMask = 2147483647;
			files = (
				CF15832625A685AB000CF92A /* LaunchScreen.storyboard in Resources */,
				CF15832325A685AB000CF92A /* Assets.xcassets in Resources */,
				CF15832125A6859E000CF92A /* Main.storyboard in Resources */,
			);
			runOnlyForDeploymentPostprocessing = 0;
		};
		CF15832A25A685AC000CF92A /* Resources */ = {
			isa = PBXResourcesBuildPhase;
			buildActionMask = 2147483647;
			files = (
			);
			runOnlyForDeploymentPostprocessing = 0;
		};
		CF15833525A685AC000CF92A /* Resources */ = {
			isa = PBXResourcesBuildPhase;
			buildActionMask = 2147483647;
			files = (
			);
			runOnlyForDeploymentPostprocessing = 0;
		};
/* End PBXResourcesBuildPhase section */

/* Begin PBXSourcesBuildPhase section */
		CF15831225A6859E000CF92A /* Sources */ = {
			isa = PBXSourcesBuildPhase;
			buildActionMask = 2147483647;
			files = (
				CF15831E25A6859E000CF92A /* ViewController.swift in Sources */,
				CF15831A25A6859E000CF92A /* AppDelegate.swift in Sources */,
				CF15831C25A6859E000CF92A /* SceneDelegate.swift in Sources */,
			);
			runOnlyForDeploymentPostprocessing = 0;
		};
		CF15832825A685AC000CF92A /* Sources */ = {
			isa = PBXSourcesBuildPhase;
			buildActionMask = 2147483647;
			files = (
				CF15833125A685AC000CF92A /* PreWorkTests.swift in Sources */,
			);
			runOnlyForDeploymentPostprocessing = 0;
		};
		CF15833325A685AC000CF92A /* Sources */ = {
			isa = PBXSourcesBuildPhase;
			buildActionMask = 2147483647;
			files = (
				CF15833C25A685AD000CF92A /* PreWorkUITests.swift in Sources */,
			);
			runOnlyForDeploymentPostprocessing = 0;
		};
/* End PBXSourcesBuildPhase section */

/* Begin PBXTargetDependency section */
		CF15832E25A685AC000CF92A /* PBXTargetDependency */ = {
			isa = PBXTargetDependency;
			target = CF15831525A6859E000CF92A /* PreWork */;
			targetProxy = CF15832D25A685AC000CF92A /* PBXContainerItemProxy */;
		};
		CF15833925A685AC000CF92A /* PBXTargetDependency */ = {
			isa = PBXTargetDependency;
			target = CF15831525A6859E000CF92A /* PreWork */;
			targetProxy = CF15833825A685AC000CF92A /* PBXContainerItemProxy */;
		};
/* End PBXTargetDependency section */

/* Begin PBXVariantGroup section */
		CF15831F25A6859E000CF92A /* Main.storyboard */ = {
			isa = PBXVariantGroup;
			children = (
				CF15832025A6859E000CF92A /* Base */,
			);
			name = Main.storyboard;
			sourceTree = "<group>";
		};
		CF15832425A685AB000CF92A /* LaunchScreen.storyboard */ = {
			isa = PBXVariantGroup;
			children = (
				CF15832525A685AB000CF92A /* Base */,
			);
			name = LaunchScreen.storyboard;
			sourceTree = "<group>";
		};
/* End PBXVariantGroup section */

/* Begin XCBuildConfiguration section */
		CF15833E25A685AD000CF92A /* Debug */ = {
			isa = XCBuildConfiguration;
			buildSettings = {
				ALWAYS_SEARCH_USER_PATHS = NO;
				CLANG_ANALYZER_NONNULL = YES;
				CLANG_ANALYZER_NUMBER_OBJECT_CONVERSION = YES_AGGRESSIVE;
				CLANG_CXX_LANGUAGE_STANDARD = "gnu++14";
				CLANG_CXX_LIBRARY = "libc++";
				CLANG_ENABLE_MODULES = YES;
				CLANG_ENABLE_OBJC_ARC = YES;
				CLANG_ENABLE_OBJC_WEAK = YES;
				CLANG_WARN_BLOCK_CAPTURE_AUTORELEASING = YES;
				CLANG_WARN_BOOL_CONVERSION = YES;
				CLANG_WARN_COMMA = YES;
				CLANG_WARN_CONSTANT_CONVERSION = YES;
				CLANG_WARN_DEPRECATED_OBJC_IMPLEMENTATIONS = YES;
				CLANG_WARN_DIRECT_OBJC_ISA_USAGE = YES_ERROR;
				CLANG_WARN_DOCUMENTATION_COMMENTS = YES;
				CLANG_WARN_EMPTY_BODY = YES;
				CLANG_WARN_ENUM_CONVERSION = YES;
				CLANG_WARN_INFINITE_RECURSION = YES;
				CLANG_WARN_INT_CONVERSION = YES;
				CLANG_WARN_NON_LITERAL_NULL_CONVERSION = YES;
				CLANG_WARN_OBJC_IMPLICIT_RETAIN_SELF = YES;
				CLANG_WARN_OBJC_LITERAL_CONVERSION = YES;
				CLANG_WARN_OBJC_ROOT_CLASS = YES_ERROR;
				CLANG_WARN_QUOTED_INCLUDE_IN_FRAMEWORK_HEADER = YES;
				CLANG_WARN_RANGE_LOOP_ANALYSIS = YES;
				CLANG_WARN_STRICT_PROTOTYPES = YES;
				CLANG_WARN_SUSPICIOUS_MOVE = YES;
				CLANG_WARN_UNGUARDED_AVAILABILITY = YES_AGGRESSIVE;
				CLANG_WARN_UNREACHABLE_CODE = YES;
				CLANG_WARN__DUPLICATE_METHOD_MATCH = YES;
				COPY_PHASE_STRIP = NO;
				DEBUG_INFORMATION_FORMAT = dwarf;
				ENABLE_STRICT_OBJC_MSGSEND = YES;
				ENABLE_TESTABILITY = YES;
				GCC_C_LANGUAGE_STANDARD = gnu11;
				GCC_DYNAMIC_NO_PIC = NO;
				GCC_NO_COMMON_BLOCKS = YES;
				GCC_OPTIMIZATION_LEVEL = 0;
				GCC_PREPROCESSOR_DEFINITIONS = (
					"DEBUG=1",
					"$(inherited)",
				);
				GCC_WARN_64_TO_32_BIT_CONVERSION = YES;
				GCC_WARN_ABOUT_RETURN_TYPE = YES_ERROR;
				GCC_WARN_UNDECLARED_SELECTOR = YES;
				GCC_WARN_UNINITIALIZED_AUTOS = YES_AGGRESSIVE;
				GCC_WARN_UNUSED_FUNCTION = YES;
				GCC_WARN_UNUSED_VARIABLE = YES;
				IPHONEOS_DEPLOYMENT_TARGET = 14.3;
				MTL_ENABLE_DEBUG_INFO = INCLUDE_SOURCE;
				MTL_FAST_MATH = YES;
				ONLY_ACTIVE_ARCH = YES;
				SDKROOT = iphoneos;
				SWIFT_ACTIVE_COMPILATION_CONDITIONS = DEBUG;
				SWIFT_OPTIMIZATION_LEVEL = "-Onone";
			};
			name = Debug;
		};
		CF15833F25A685AD000CF92A /* Release */ = {
			isa = XCBuildConfiguration;
			buildSettings = {
				ALWAYS_SEARCH_USER_PATHS = NO;
				CLANG_ANALYZER_NONNULL = YES;
				CLANG_ANALYZER_NUMBER_OBJECT_CONVERSION = YES_AGGRESSIVE;
				CLANG_CXX_LANGUAGE_STANDARD = "gnu++14";
				CLANG_CXX_LIBRARY = "libc++";
				CLANG_ENABLE_MODULES = YES;
				CLANG_ENABLE_OBJC_ARC = YES;
				CLANG_ENABLE_OBJC_WEAK = YES;
				CLANG_WARN_BLOCK_CAPTURE_AUTORELEASING = YES;
				CLANG_WARN_BOOL_CONVERSION = YES;
				CLANG_WARN_COMMA = YES;
				CLANG_WARN_CONSTANT_CONVERSION = YES;
				CLANG_WARN_DEPRECATED_OBJC_IMPLEMENTATIONS = YES;
				CLANG_WARN_DIRECT_OBJC_ISA_USAGE = YES_ERROR;
				CLANG_WARN_DOCUMENTATION_COMMENTS = YES;
				CLANG_WARN_EMPTY_BODY = YES;
				CLANG_WARN_ENUM_CONVERSION = YES;
				CLANG_WARN_INFINITE_RECURSION = YES;
				CLANG_WARN_INT_CONVERSION = YES;
				CLANG_WARN_NON_LITERAL_NULL_CONVERSION = YES;
				CLANG_WARN_OBJC_IMPLICIT_RETAIN_SELF = YES;
				CLANG_WARN_OBJC_LITERAL_CONVERSION = YES;
				CLANG_WARN_OBJC_ROOT_CLASS = YES_ERROR;
				CLANG_WARN_QUOTED_INCLUDE_IN_FRAMEWORK_HEADER = YES;
				CLANG_WARN_RANGE_LOOP_ANALYSIS = YES;
				CLANG_WARN_STRICT_PROTOTYPES = YES;
				CLANG_WARN_SUSPICIOUS_MOVE = YES;
				CLANG_WARN_UNGUARDED_AVAILABILITY = YES_AGGRESSIVE;
				CLANG_WARN_UNREACHABLE_CODE = YES;
				CLANG_WARN__DUPLICATE_METHOD_MATCH = YES;
				COPY_PHASE_STRIP = NO;
				DEBUG_INFORMATION_FORMAT = "dwarf-with-dsym";
				ENABLE_NS_ASSERTIONS = NO;
				ENABLE_STRICT_OBJC_MSGSEND = YES;
				GCC_C_LANGUAGE_STANDARD = gnu11;
				GCC_NO_COMMON_BLOCKS = YES;
				GCC_WARN_64_TO_32_BIT_CONVERSION = YES;
				GCC_WARN_ABOUT_RETURN_TYPE = YES_ERROR;
				GCC_WARN_UNDECLARED_SELECTOR = YES;
				GCC_WARN_UNINITIALIZED_AUTOS = YES_AGGRESSIVE;
				GCC_WARN_UNUSED_FUNCTION = YES;
				GCC_WARN_UNUSED_VARIABLE = YES;
				IPHONEOS_DEPLOYMENT_TARGET = 14.3;
				MTL_ENABLE_DEBUG_INFO = NO;
				MTL_FAST_MATH = YES;
				SDKROOT = iphoneos;
				SWIFT_COMPILATION_MODE = wholemodule;
				SWIFT_OPTIMIZATION_LEVEL = "-O";
				VALIDATE_PRODUCT = YES;
			};
			name = Release;
		};
		CF15834125A685AD000CF92A /* Debug */ = {
			isa = XCBuildConfiguration;
			buildSettings = {
				ASSETCATALOG_COMPILER_APPICON_NAME = AppIcon;
				ASSETCATALOG_COMPILER_GLOBAL_ACCENT_COLOR_NAME = AccentColor;
				CODE_SIGN_STYLE = Automatic;
				INFOPLIST_FILE = PreWork/Info.plist;
				LD_RUNPATH_SEARCH_PATHS = (
					"$(inherited)",
					"@executable_path/Frameworks",
				);
				PRODUCT_BUNDLE_IDENTIFIER = CS50.PreWork;
				PRODUCT_NAME = "$(TARGET_NAME)";
				SWIFT_VERSION = 5.0;
				TARGETED_DEVICE_FAMILY = "1,2";
			};
			name = Debug;
		};
		CF15834225A685AD000CF92A /* Release */ = {
			isa = XCBuildConfiguration;
			buildSettings = {
				ASSETCATALOG_COMPILER_APPICON_NAME = AppIcon;
				ASSETCATALOG_COMPILER_GLOBAL_ACCENT_COLOR_NAME = AccentColor;
				CODE_SIGN_STYLE = Automatic;
				INFOPLIST_FILE = PreWork/Info.plist;
				LD_RUNPATH_SEARCH_PATHS = (
					"$(inherited)",
					"@executable_path/Frameworks",
				);
				PRODUCT_BUNDLE_IDENTIFIER = CS50.PreWork;
				PRODUCT_NAME = "$(TARGET_NAME)";
				SWIFT_VERSION = 5.0;
				TARGETED_DEVICE_FAMILY = "1,2";
			};
			name = Release;
		};
		CF15834425A685AD000CF92A /* Debug */ = {
			isa = XCBuildConfiguration;
			buildSettings = {
				ALWAYS_EMBED_SWIFT_STANDARD_LIBRARIES = YES;
				BUNDLE_LOADER = "$(TEST_HOST)";
				CODE_SIGN_STYLE = Automatic;
				INFOPLIST_FILE = PreWorkTests/Info.plist;
				IPHONEOS_DEPLOYMENT_TARGET = 14.3;
				LD_RUNPATH_SEARCH_PATHS = (
					"$(inherited)",
					"@executable_path/Frameworks",
					"@loader_path/Frameworks",
				);
				PRODUCT_BUNDLE_IDENTIFIER = CS50.PreWorkTests;
				PRODUCT_NAME = "$(TARGET_NAME)";
				SWIFT_VERSION = 5.0;
				TARGETED_DEVICE_FAMILY = "1,2";
				TEST_HOST = "$(BUILT_PRODUCTS_DIR)/PreWork.app/PreWork";
			};
			name = Debug;
		};
		CF15834525A685AD000CF92A /* Release */ = {
			isa = XCBuildConfiguration;
			buildSettings = {
				ALWAYS_EMBED_SWIFT_STANDARD_LIBRARIES = YES;
				BUNDLE_LOADER = "$(TEST_HOST)";
				CODE_SIGN_STYLE = Automatic;
				INFOPLIST_FILE = PreWorkTests/Info.plist;
				IPHONEOS_DEPLOYMENT_TARGET = 14.3;
				LD_RUNPATH_SEARCH_PATHS = (
					"$(inherited)",
					"@executable_path/Frameworks",
					"@loader_path/Frameworks",
				);
				PRODUCT_BUNDLE_IDENTIFIER = CS50.PreWorkTests;
				PRODUCT_NAME = "$(TARGET_NAME)";
				SWIFT_VERSION = 5.0;
				TARGETED_DEVICE_FAMILY = "1,2";
				TEST_HOST = "$(BUILT_PRODUCTS_DIR)/PreWork.app/PreWork";
			};
			name = Release;
		};
		CF15834725A685AD000CF92A /* Debug */ = {
			isa = XCBuildConfiguration;
			buildSettings = {
				ALWAYS_EMBED_SWIFT_STANDARD_LIBRARIES = YES;
				CODE_SIGN_STYLE = Automatic;
				INFOPLIST_FILE = PreWorkUITests/Info.plist;
				LD_RUNPATH_SEARCH_PATHS = (
					"$(inherited)",
					"@executable_path/Frameworks",
					"@loader_path/Frameworks",
				);
				PRODUCT_BUNDLE_IDENTIFIER = CS50.PreWorkUITests;
				PRODUCT_NAME = "$(TARGET_NAME)";
				SWIFT_VERSION = 5.0;
				TARGETED_DEVICE_FAMILY = "1,2";
				TEST_TARGET_NAME = PreWork;
			};
			name = Debug;
		};
		CF15834825A685AD000CF92A /* Release */ = {
			isa = XCBuildConfiguration;
			buildSettings = {
				ALWAYS_EMBED_SWIFT_STANDARD_LIBRARIES = YES;
				CODE_SIGN_STYLE = Automatic;
				INFOPLIST_FILE = PreWorkUITests/Info.plist;
				LD_RUNPATH_SEARCH_PATHS = (
					"$(inherited)",
					"@executable_path/Frameworks",
					"@loader_path/Frameworks",
				);
				PRODUCT_BUNDLE_IDENTIFIER = CS50.PreWorkUITests;
				PRODUCT_NAME = "$(TARGET_NAME)";
				SWIFT_VERSION = 5.0;
				TARGETED_DEVICE_FAMILY = "1,2";
				TEST_TARGET_NAME = PreWork;
			};
			name = Release;
		};
/* End XCBuildConfiguration section */

/* Begin XCConfigurationList section */
		CF15831125A6859D000CF92A /* Build configuration list for PBXProject "PreWork" */ = {
			isa = XCConfigurationList;
			buildConfigurations = (
				CF15833E25A685AD000CF92A /* Debug */,
				CF15833F25A685AD000CF92A /* Release */,
			);
			defaultConfigurationIsVisible = 0;
			defaultConfigurationName = Release;
		};
		CF15834025A685AD000CF92A /* Build configuration list for PBXNativeTarget "PreWork" */ = {
			isa = XCConfigurationList;
			buildConfigurations = (
				CF15834125A685AD000CF92A /* Debug */,
				CF15834225A685AD000CF92A /* Release */,
			);
			defaultConfigurationIsVisible = 0;
			defaultConfigurationName = Release;
		};
		CF15834325A685AD000CF92A /* Build configuration list for PBXNativeTarget "PreWorkTests" */ = {
			isa = XCConfigurationList;
			buildConfigurations = (
				CF15834425A685AD000CF92A /* Debug */,
				CF15834525A685AD000CF92A /* Release */,
			);
			defaultConfigurationIsVisible = 0;
			defaultConfigurationName = Release;
		};
		CF15834625A685AD000CF92A /* Build configuration list for PBXNativeTarget "PreWorkUITests" */ = {
			isa = XCConfigurationList;
			buildConfigurations = (
				CF15834725A685AD000CF92A /* Debug */,
				CF15834825A685AD000CF92A /* Release */,
			);
			defaultConfigurationIsVisible = 0;
			defaultConfigurationName = Release;
		};
/* End XCConfigurationList section */
	};
	rootObject = CF15830E25A6859D000CF92A /* Project object */;
}
